
Microsoft Visual Studio Solution File, Format Version 12.00
# Visual Studio Version 17
VisualStudioVersion = 17.10.35013.160
MinimumVisualStudioVersion = 10.0.40219.1
Project("{FAE04EC0-301F-11D3-BF4B-00C04F79EFBC}") = "LedgerAPI", "LedgerAPI\LedgerAPI.csproj", "{DF3FB83A-AE28-4DC4-AF28-269D98B74A93}"
EndProject
Global
	GlobalSection(SolutionConfigurationPlatforms) = preSolution
		Debug|Any CPU = Debug|Any CPU
		Release|Any CPU = Release|Any CPU
	EndGlobalSection
	GlobalSection(ProjectConfigurationPlatforms) = postSolution
		{DF3FB83A-AE28-4DC4-AF28-269D98B74A93}.Debug|Any CPU.ActiveCfg = Debug|Any CPU
		{DF3FB83A-AE28-4DC4-AF28-269D98B74A93}.Debug|Any CPU.Build.0 = Debug|Any CPU
		{DF3FB83A-AE28-4DC4-AF28-269D98B74A93}.Release|Any CPU.ActiveCfg = Release|Any CPU
		{DF3FB83A-AE28-4DC4-AF28-269D98B74A93}.Release|Any CPU.Build.0 = Release|Any CPU
	EndGlobalSection
	GlobalSection(SolutionProperties) = preSolution
		HideSolutionNode = FALSE
	EndGlobalSection
	GlobalSection(ExtensibilityGlobals) = postSolution
		SolutionGuid = {2B59762C-EBF4-42F6-9881-3305D3EE4FAC}
	EndGlobalSection
EndGlobal
